
Microsoft Visual Studio Solution File, Format Version 12.00
# Visual Studio 15
VisualStudioVersion = 15.0.28010.2003
MinimumVisualStudioVersion = 10.0.40219.1
Project("{9A19103F-16F7-4668-BE54-9A1E7A4F7556}") = "SharpWorker", "SharpWorker\SharpWorker.csproj", "{A9D2C33A-70B0-41D6-A478-9E99A7E0D363}"
EndProject
Project("{9A19103F-16F7-4668-BE54-9A1E7A4F7556}") = "SharpWorker.NetCoordinator", "SharpWorker.NetCoordinator\SharpWorker.NetCoordinator.csproj", "{66C7573D-2391-43F7-842D-57BE9D562952}"
EndProject
Project("{9A19103F-16F7-4668-BE54-9A1E7A4F7556}") = "LiteDB", "LiteDB\LiteDB\LiteDB.csproj", "{38BBC679-5F90-42FE-B03F-A1C23234D58D}"
EndProject
Global
	GlobalSection(SolutionConfigurationPlatforms) = preSolution
		Debug|Any CPU = Debug|Any CPU
		Release|Any CPU = Release|Any CPU
	EndGlobalSection
	GlobalSection(ProjectConfigurationPlatforms) = postSolution
		{A9D2C33A-70B0-41D6-A478-9E99A7E0D363}.Debug|Any CPU.ActiveCfg = Debug|Any CPU
		{A9D2C33A-70B0-41D6-A478-9E99A7E0D363}.Debug|Any CPU.Build.0 = Debug|Any CPU
		{A9D2C33A-70B0-41D6-A478-9E99A7E0D363}.Release|Any CPU.ActiveCfg = Release|Any CPU
		{A9D2C33A-70B0-41D6-A478-9E99A7E0D363}.Release|Any CPU.Build.0 = Release|Any CPU
		{66C7573D-2391-43F7-842D-57BE9D562952}.Debug|Any CPU.ActiveCfg = Debug|Any CPU
		{66C7573D-2391-43F7-842D-57BE9D562952}.Debug|Any CPU.Build.0 = Debug|Any CPU
		{66C7573D-2391-43F7-842D-57BE9D562952}.Release|Any CPU.ActiveCfg = Release|Any CPU
		{66C7573D-2391-43F7-842D-57BE9D562952}.Release|Any CPU.Build.0 = Release|Any CPU
		{38BBC679-5F90-42FE-B03F-A1C23234D58D}.Debug|Any CPU.ActiveCfg = Debug|Any CPU
		{38BBC679-5F90-42FE-B03F-A1C23234D58D}.Debug|Any CPU.Build.0 = Debug|Any CPU
		{38BBC679-5F90-42FE-B03F-A1C23234D58D}.Release|Any CPU.ActiveCfg = Release|Any CPU
		{38BBC679-5F90-42FE-B03F-A1C23234D58D}.Release|Any CPU.Build.0 = Release|Any CPU
	EndGlobalSection
	GlobalSection(SolutionProperties) = preSolution
		HideSolutionNode = FALSE
	EndGlobalSection
	GlobalSection(ExtensibilityGlobals) = postSolution
		SolutionGuid = {4EA73E87-623A-4013-94EF-C0FDC055124A}
	EndGlobalSection
EndGlobal
